
Microsoft Visual Studio Solution File, Format Version 12.00
# Visual Studio Version 17
VisualStudioVersion = 17.8.34316.72
MinimumVisualStudioVersion = 10.0.40219.1
Project("{8BC9CEB8-8B4A-11D0-8D11-00A0C91BC942}") = "de2_diem_dt", "de2_diem_dt.vcxproj", "{DA8F9344-BAAD-48D7-8E02-89DC64D3314D}"
EndProject
Global
	GlobalSection(SolutionConfigurationPlatforms) = preSolution
		Debug|x64 = Debug|x64
		Debug|x86 = Debug|x86
		Release|x64 = Release|x64
		Release|x86 = Release|x86
	EndGlobalSection
	GlobalSection(ProjectConfigurationPlatforms) = postSolution
		{DA8F9344-BAAD-48D7-8E02-89DC64D3314D}.Debug|x64.ActiveCfg = Debug|x64
		{DA8F9344-BAAD-48D7-8E02-89DC64D3314D}.Debug|x64.Build.0 = Debug|x64
		{DA8F9344-BAAD-48D7-8E02-89DC64D3314D}.Debug|x86.ActiveCfg = Debug|Win32
		{DA8F9344-BAAD-48D7-8E02-89DC64D3314D}.Debug|x86.Build.0 = Debug|Win32
		{DA8F9344-BAAD-48D7-8E02-89DC64D3314D}.Release|x64.ActiveCfg = Release|x64
		{DA8F9344-BAAD-48D7-8E02-89DC64D3314D}.Release|x64.Build.0 = Release|x64
		{DA8F9344-BAAD-48D7-8E02-89DC64D3314D}.Release|x86.ActiveCfg = Release|Win32
		{DA8F9344-BAAD-48D7-8E02-89DC64D3314D}.Release|x86.Build.0 = Release|Win32
	EndGlobalSection
	GlobalSection(SolutionProperties) = preSolution
		HideSolutionNode = FALSE
	EndGlobalSection
	GlobalSection(ExtensibilityGlobals) = postSolution
		SolutionGuid = {46E1E930-C73D-437F-8BDE-C79D79319654}
	EndGlobalSection
EndGlobal
