
Microsoft Visual Studio Solution File, Format Version 12.00
# Visual Studio Version 17
VisualStudioVersion = 17.7.34202.233
MinimumVisualStudioVersion = 10.0.40219.1
Project("{FAE04EC0-301F-11D3-BF4B-00C04F79EFBC}") = "ThucHanh2_6_11", "ThucHanh2_6_11.csproj", "{689CB149-8E35-4AB9-83DC-59FE2BDA49FC}"
EndProject
Global
	GlobalSection(SolutionConfigurationPlatforms) = preSolution
		Debug|Any CPU = Debug|Any CPU
		Release|Any CPU = Release|Any CPU
	EndGlobalSection
	GlobalSection(ProjectConfigurationPlatforms) = postSolution
		{689CB149-8E35-4AB9-83DC-59FE2BDA49FC}.Debug|Any CPU.ActiveCfg = Debug|Any CPU
		{689CB149-8E35-4AB9-83DC-59FE2BDA49FC}.Debug|Any CPU.Build.0 = Debug|Any CPU
		{689CB149-8E35-4AB9-83DC-59FE2BDA49FC}.Release|Any CPU.ActiveCfg = Release|Any CPU
		{689CB149-8E35-4AB9-83DC-59FE2BDA49FC}.Release|Any CPU.Build.0 = Release|Any CPU
	EndGlobalSection
	GlobalSection(SolutionProperties) = preSolution
		HideSolutionNode = FALSE
	EndGlobalSection
	GlobalSection(ExtensibilityGlobals) = postSolution
		SolutionGuid = {4F9E244B-78FF-4CDD-882C-234353CCF077}
	EndGlobalSection
EndGlobal
