
Microsoft Visual Studio Solution File, Format Version 12.00
# Visual Studio Version 17
VisualStudioVersion = 17.7.34009.444
MinimumVisualStudioVersion = 10.0.40219.1
Project("{FAE04EC0-301F-11D3-BF4B-00C04F79EFBC}") = "WindowsFormsApp6", "WindowsFormsApp6\WindowsFormsApp6.csproj", "{F07B53F4-02D4-49B8-9C44-6BF009F6EEE9}"
EndProject
Global
	GlobalSection(SolutionConfigurationPlatforms) = preSolution
		Debug|Any CPU = Debug|Any CPU
		Release|Any CPU = Release|Any CPU
	EndGlobalSection
	GlobalSection(ProjectConfigurationPlatforms) = postSolution
		{F07B53F4-02D4-49B8-9C44-6BF009F6EEE9}.Debug|Any CPU.ActiveCfg = Debug|Any CPU
		{F07B53F4-02D4-49B8-9C44-6BF009F6EEE9}.Debug|Any CPU.Build.0 = Debug|Any CPU
		{F07B53F4-02D4-49B8-9C44-6BF009F6EEE9}.Release|Any CPU.ActiveCfg = Release|Any CPU
		{F07B53F4-02D4-49B8-9C44-6BF009F6EEE9}.Release|Any CPU.Build.0 = Release|Any CPU
	EndGlobalSection
	GlobalSection(SolutionProperties) = preSolution
		HideSolutionNode = FALSE
	EndGlobalSection
	GlobalSection(ExtensibilityGlobals) = postSolution
		SolutionGuid = {8EF029BE-D973-497D-9342-5BFF5AEEC395}
	EndGlobalSection
EndGlobal
