
Microsoft Visual Studio Solution File, Format Version 12.00
# Visual Studio Version 17
VisualStudioVersion = 17.7.34202.233
MinimumVisualStudioVersion = 10.0.40219.1
Project("{FAE04EC0-301F-11D3-BF4B-00C04F79EFBC}") = "Demo_BaoCao", "Demo_BaoCao.csproj", "{DAA3210A-2308-40E5-9885-1233BDB6D552}"
EndProject
Global
	GlobalSection(SolutionConfigurationPlatforms) = preSolution
		Debug|Any CPU = Debug|Any CPU
		Release|Any CPU = Release|Any CPU
	EndGlobalSection
	GlobalSection(ProjectConfigurationPlatforms) = postSolution
		{DAA3210A-2308-40E5-9885-1233BDB6D552}.Debug|Any CPU.ActiveCfg = Debug|Any CPU
		{DAA3210A-2308-40E5-9885-1233BDB6D552}.Debug|Any CPU.Build.0 = Debug|Any CPU
		{DAA3210A-2308-40E5-9885-1233BDB6D552}.Release|Any CPU.ActiveCfg = Release|Any CPU
		{DAA3210A-2308-40E5-9885-1233BDB6D552}.Release|Any CPU.Build.0 = Release|Any CPU
	EndGlobalSection
	GlobalSection(SolutionProperties) = preSolution
		HideSolutionNode = FALSE
	EndGlobalSection
	GlobalSection(ExtensibilityGlobals) = postSolution
		SolutionGuid = {FEE1E40C-589B-41B6-8D2B-0A27421AF33C}
	EndGlobalSection
EndGlobal
