
Microsoft Visual Studio Solution File, Format Version 12.00
# Visual Studio Version 17
VisualStudioVersion = 17.7.34031.279
MinimumVisualStudioVersion = 10.0.40219.1
Project("{FAE04EC0-301F-11D3-BF4B-00C04F79EFBC}") = "QLy_DangKyPhongHoc", "QLy_DangKyPhongHoc.csproj", "{77083295-B5D0-467C-91E8-343937192575}"
EndProject
Global
	GlobalSection(SolutionConfigurationPlatforms) = preSolution
		Debug|Any CPU = Debug|Any CPU
		Release|Any CPU = Release|Any CPU
	EndGlobalSection
	GlobalSection(ProjectConfigurationPlatforms) = postSolution
		{77083295-B5D0-467C-91E8-343937192575}.Debug|Any CPU.ActiveCfg = Debug|Any CPU
		{77083295-B5D0-467C-91E8-343937192575}.Debug|Any CPU.Build.0 = Debug|Any CPU
		{77083295-B5D0-467C-91E8-343937192575}.Release|Any CPU.ActiveCfg = Release|Any CPU
		{77083295-B5D0-467C-91E8-343937192575}.Release|Any CPU.Build.0 = Release|Any CPU
	EndGlobalSection
	GlobalSection(SolutionProperties) = preSolution
		HideSolutionNode = FALSE
	EndGlobalSection
	GlobalSection(ExtensibilityGlobals) = postSolution
		SolutionGuid = {FB8C6CB2-226B-4934-8CD8-AE5921522938}
	EndGlobalSection
EndGlobal
