
Microsoft Visual Studio Solution File, Format Version 12.00
# Visual Studio Version 17
VisualStudioVersion = 17.8.34322.80
MinimumVisualStudioVersion = 10.0.40219.1
Project("{FAE04EC0-301F-11D3-BF4B-00C04F79EFBC}") = "VuBaoLam_1", "VuBaoLam_1.csproj", "{9384E2C2-9F49-47F1-B527-85F7E56769BB}"
EndProject
Global
	GlobalSection(SolutionConfigurationPlatforms) = preSolution
		Debug|Any CPU = Debug|Any CPU
		Release|Any CPU = Release|Any CPU
	EndGlobalSection
	GlobalSection(ProjectConfigurationPlatforms) = postSolution
		{9384E2C2-9F49-47F1-B527-85F7E56769BB}.Debug|Any CPU.ActiveCfg = Debug|Any CPU
		{9384E2C2-9F49-47F1-B527-85F7E56769BB}.Debug|Any CPU.Build.0 = Debug|Any CPU
		{9384E2C2-9F49-47F1-B527-85F7E56769BB}.Release|Any CPU.ActiveCfg = Release|Any CPU
		{9384E2C2-9F49-47F1-B527-85F7E56769BB}.Release|Any CPU.Build.0 = Release|Any CPU
	EndGlobalSection
	GlobalSection(SolutionProperties) = preSolution
		HideSolutionNode = FALSE
	EndGlobalSection
	GlobalSection(ExtensibilityGlobals) = postSolution
		SolutionGuid = {E9405E77-9355-4FA1-9F0D-60CCAF3281E0}
	EndGlobalSection
EndGlobal
