
Microsoft Visual Studio Solution File, Format Version 12.00
# Visual Studio Version 17
VisualStudioVersion = 17.7.34031.279
MinimumVisualStudioVersion = 10.0.40219.1
Project("{FAE04EC0-301F-11D3-BF4B-00C04F79EFBC}") = "Lab1", "Lab1.csproj", "{38B10FDB-1B39-4039-8AB1-D491D144BBE7}"
EndProject
Global
	GlobalSection(SolutionConfigurationPlatforms) = preSolution
		Debug|Any CPU = Debug|Any CPU
		Release|Any CPU = Release|Any CPU
	EndGlobalSection
	GlobalSection(ProjectConfigurationPlatforms) = postSolution
		{38B10FDB-1B39-4039-8AB1-D491D144BBE7}.Debug|Any CPU.ActiveCfg = Debug|Any CPU
		{38B10FDB-1B39-4039-8AB1-D491D144BBE7}.Debug|Any CPU.Build.0 = Debug|Any CPU
		{38B10FDB-1B39-4039-8AB1-D491D144BBE7}.Release|Any CPU.ActiveCfg = Release|Any CPU
		{38B10FDB-1B39-4039-8AB1-D491D144BBE7}.Release|Any CPU.Build.0 = Release|Any CPU
	EndGlobalSection
	GlobalSection(SolutionProperties) = preSolution
		HideSolutionNode = FALSE
	EndGlobalSection
	GlobalSection(ExtensibilityGlobals) = postSolution
		SolutionGuid = {2CF7D911-778E-4DB0-BACD-6800E5A1AFFA}
	EndGlobalSection
EndGlobal
