
Microsoft Visual Studio Solution File, Format Version 12.00
# Visual Studio Version 17
VisualStudioVersion = 17.7.34003.232
MinimumVisualStudioVersion = 10.0.40219.1
Project("{FAE04EC0-301F-11D3-BF4B-00C04F79EFBC}") = "B02_B2_Chuong3", "B02_B2_Chuong3.csproj", "{67C14B63-A83C-499F-BBA2-9B00246ED76E}"
EndProject
Global
	GlobalSection(SolutionConfigurationPlatforms) = preSolution
		Debug|Any CPU = Debug|Any CPU
		Release|Any CPU = Release|Any CPU
	EndGlobalSection
	GlobalSection(ProjectConfigurationPlatforms) = postSolution
		{67C14B63-A83C-499F-BBA2-9B00246ED76E}.Debug|Any CPU.ActiveCfg = Debug|Any CPU
		{67C14B63-A83C-499F-BBA2-9B00246ED76E}.Debug|Any CPU.Build.0 = Debug|Any CPU
		{67C14B63-A83C-499F-BBA2-9B00246ED76E}.Release|Any CPU.ActiveCfg = Release|Any CPU
		{67C14B63-A83C-499F-BBA2-9B00246ED76E}.Release|Any CPU.Build.0 = Release|Any CPU
	EndGlobalSection
	GlobalSection(SolutionProperties) = preSolution
		HideSolutionNode = FALSE
	EndGlobalSection
	GlobalSection(ExtensibilityGlobals) = postSolution
		SolutionGuid = {244981EB-9D03-4FD2-9C4D-F261C56CA06A}
	EndGlobalSection
EndGlobal
