
Microsoft Visual Studio Solution File, Format Version 12.00
# Visual Studio Version 17
VisualStudioVersion = 17.7.34003.232
MinimumVisualStudioVersion = 10.0.40219.1
Project("{FAE04EC0-301F-11D3-BF4B-00C04F79EFBC}") = "DaySoThuc", "DaySoThuc.csproj", "{E6D09E5E-737A-415F-93AB-ECD26D043FA8}"
EndProject
Global
	GlobalSection(SolutionConfigurationPlatforms) = preSolution
		Debug|Any CPU = Debug|Any CPU
		Release|Any CPU = Release|Any CPU
	EndGlobalSection
	GlobalSection(ProjectConfigurationPlatforms) = postSolution
		{E6D09E5E-737A-415F-93AB-ECD26D043FA8}.Debug|Any CPU.ActiveCfg = Debug|Any CPU
		{E6D09E5E-737A-415F-93AB-ECD26D043FA8}.Debug|Any CPU.Build.0 = Debug|Any CPU
		{E6D09E5E-737A-415F-93AB-ECD26D043FA8}.Release|Any CPU.ActiveCfg = Release|Any CPU
		{E6D09E5E-737A-415F-93AB-ECD26D043FA8}.Release|Any CPU.Build.0 = Release|Any CPU
	EndGlobalSection
	GlobalSection(SolutionProperties) = preSolution
		HideSolutionNode = FALSE
	EndGlobalSection
	GlobalSection(ExtensibilityGlobals) = postSolution
		SolutionGuid = {C74CB795-20BB-44E9-86FF-CE3609FDAC87}
	EndGlobalSection
EndGlobal
